
Microsoft Visual Studio Solution File, Format Version 12.00
# Visual Studio Version 17
VisualStudioVersion = 17.7.33920.267
MinimumVisualStudioVersion = 10.0.40219.1
Project("{FAE04EC0-301F-11D3-BF4B-00C04F79EFBC}") = "NeuralNetworkApi", "NeuralNetworkApi\NeuralNetworkApi.csproj", "{D7513DB4-FC00-4CF6-BE24-2199A7939ABB}"
EndProject
Global
	GlobalSection(SolutionConfigurationPlatforms) = preSolution
		Debug|Any CPU = Debug|Any CPU
		Release|Any CPU = Release|Any CPU
	EndGlobalSection
	GlobalSection(ProjectConfigurationPlatforms) = postSolution
		{D7513DB4-FC00-4CF6-BE24-2199A7939ABB}.Debug|Any CPU.ActiveCfg = Debug|Any CPU
		{D7513DB4-FC00-4CF6-BE24-2199A7939ABB}.Debug|Any CPU.Build.0 = Debug|Any CPU
		{D7513DB4-FC00-4CF6-BE24-2199A7939ABB}.Release|Any CPU.ActiveCfg = Release|Any CPU
		{D7513DB4-FC00-4CF6-BE24-2199A7939ABB}.Release|Any CPU.Build.0 = Release|Any CPU
	EndGlobalSection
	GlobalSection(SolutionProperties) = preSolution
		HideSolutionNode = FALSE
	EndGlobalSection
	GlobalSection(ExtensibilityGlobals) = postSolution
		SolutionGuid = {DA6874BC-BBE5-4CE3-8024-0394730D70F9}
	EndGlobalSection
EndGlobal
